<?xml version="1.0" encoding="utf-8"?>
<Project ToolsVersion="4.0" xmlns="http://schemas.microsoft.com/developer/msbuild/2003">
  <ItemGroup>
    <Filter Include="Resource Files">
      <UniqueIdentifier>{67DA6AB6-F800-4c08-8B7A-83BB121AAD01}</UniqueIdentifier>
      <Extensions>rc;ico;cur;bmp;dlg;rc2;rct;bin;rgs;gif;jpg;jpeg;jpe;resx;tiff;tif;png;wav;mfcribbon-ms</Extensions>
    </Filter>
    <Filter Include="Engine">
      <UniqueIdentifier>{93995380-89BD-4b04-88EB-625FBE52EBFB}</UniqueIdentifier>
      <Extensions>h;hh;hpp;hxx;hm;inl;inc;xsd</Extensions>
    </Filter>
    <Filter Include="Engine\Components">
      <UniqueIdentifier>{567b601c-dda5-4137-8065-867398c2b39b}</UniqueIdentifier>
    </Filter>
    <Filter Include="Engine\Scene">
      <UniqueIdentifier>{63578a9d-17a5-4e34-a6c1-607176778d39}</UniqueIdentifier>
    </Filter>
    <Filter Include="Engine\Managers">
      <UniqueIdentifier>{9ee36b12-a52e-4b27-b285-c76933fb9a91}</UniqueIdentifier>
    </Filter>
    <Filter Include="Game">
      <UniqueIdentifier>{4FC737F1-C7A5-4376-A066-2A32D752A2FF}</UniqueIdentifier>
      <Extensions>cpp;c;cc;cxx;def;odl;idl;hpj;bat;asm;asmx</Extensions>
    </Filter>
    <Filter Include="Game\Scenes">
      <UniqueIdentifier>{1ab2b979-4fda-405c-90d4-def5bbf69f0f}</UniqueIdentifier>
    </Filter>
    <Filter Include="Engine\Render">
      <UniqueIdentifier>{caef2cc2-2db9-41c1-a019-35d29311e510}</UniqueIdentifier>
    </Filter>
    <Filter Include="Game\Prefab">
      <UniqueIdentifier>{b7b56bd3-7444-4590-b14f-cbc8c66d160a}</UniqueIdentifier>
    </Filter>
    <Filter Include="Engine\StateMachine">
      <UniqueIdentifier>{eccaca1d-41f4-478b-a66f-3415b14195bf}</UniqueIdentifier>
    </Filter>
    <Filter Include="Engine\Command">
      <UniqueIdentifier>{cc588df3-e507-421e-b66b-c983c306416b}</UniqueIdentifier>
    </Filter>
    <Filter Include="Engine\Observer">
      <UniqueIdentifier>{163e6a4a-7609-4d97-876c-822519278def}</UniqueIdentifier>
    </Filter>
    <Filter Include="Game\Observers">
      <UniqueIdentifier>{39a58806-21e5-4ecc-9d48-f2245fce79df}</UniqueIdentifier>
    </Filter>
  </ItemGroup>
  <ItemGroup>
    <ClInclude Include="MiniginPCH.h">
      <Filter>Engine</Filter>
    </ClInclude>
    <ClInclude Include="Minigin.h">
      <Filter>Engine</Filter>
    </ClInclude>
    <ClInclude Include="BaseComponent.h">
      <Filter>Engine\Components</Filter>
    </ClInclude>
    <ClInclude Include="RenderComponent.h">
      <Filter>Engine\Components</Filter>
    </ClInclude>
    <ClInclude Include="TextComponent.h">
      <Filter>Engine\Components</Filter>
    </ClInclude>
    <ClInclude Include="FpsComponent.h">
      <Filter>Engine\Components</Filter>
    </ClInclude>
    <ClInclude Include="GameObject.h">
      <Filter>Engine\Scene</Filter>
    </ClInclude>
    <ClInclude Include="Scene.h">
      <Filter>Engine\Scene</Filter>
    </ClInclude>
    <ClInclude Include="SceneManager.h">
      <Filter>Engine\Managers</Filter>
    </ClInclude>
    <ClInclude Include="ResourceManager.h">
      <Filter>Engine\Managers</Filter>
    </ClInclude>
    <ClInclude Include="InputManager.h">
      <Filter>Engine\Managers</Filter>
    </ClInclude>
    <ClInclude Include="Font.h">
      <Filter>Engine\Render</Filter>
    </ClInclude>
    <ClInclude Include="Texture2D.h">
      <Filter>Engine\Render</Filter>
    </ClInclude>
    <ClInclude Include="Transform.h">
      <Filter>Engine\Render</Filter>
    </ClInclude>
    <ClInclude Include="Time.h">
      <Filter>Engine\Render</Filter>
    </ClInclude>
    <ClInclude Include="Renderer.h">
      <Filter>Engine\Render</Filter>
    </ClInclude>
    <ClInclude Include="Singleton.h">
      <Filter>Engine\Render</Filter>
    </ClInclude>
    <ClInclude Include="SpriteComponent.h">
      <Filter>Engine\Components</Filter>
    </ClInclude>
    <ClInclude Include="Player.h">
      <Filter>Game\Prefab</Filter>
    </ClInclude>
    <ClInclude Include="ColliderComponent.h">
      <Filter>Engine\Components</Filter>
    </ClInclude>
    <ClInclude Include="structs.h">
      <Filter>Game</Filter>
    </ClInclude>
    <ClInclude Include="PlayerState.h">
      <Filter>Engine\StateMachine</Filter>
    </ClInclude>
    <ClInclude Include="Command.h">
      <Filter>Engine\Command</Filter>
    </ClInclude>
    <ClInclude Include="Controller.h">
      <Filter>Engine\Managers</Filter>
    </ClInclude>
    <ClInclude Include="PyramidPos.h">
      <Filter>Engine\Render</Filter>
    </ClInclude>
    <ClInclude Include="ScreenInfo.h">
      <Filter>Engine\Render</Filter>
    </ClInclude>
    <ClInclude Include="Laser.h">
      <Filter>Game\Prefab</Filter>
    </ClInclude>
    <ClInclude Include="Zako.h">
      <Filter>Game\Prefab</Filter>
    </ClInclude>
    <ClInclude Include="ZakoState.h">
      <Filter>Engine\StateMachine</Filter>
    </ClInclude>
    <ClInclude Include="Goei.h">
      <Filter>Game\Prefab</Filter>
    </ClInclude>
    <ClInclude Include="GoeiState.h">
      <Filter>Engine\StateMachine</Filter>
    </ClInclude>
    <ClInclude Include="Boss.h">
      <Filter>Game\Prefab</Filter>
    </ClInclude>
    <ClInclude Include="BossState.h">
      <Filter>Engine\StateMachine</Filter>
    </ClInclude>
    <ClInclude Include="Beam.h">
      <Filter>Game\Prefab</Filter>
    </ClInclude>
    <ClInclude Include="GameScene.h">
      <Filter>Game\Scenes</Filter>
    </ClInclude>
    <ClInclude Include="GameInfo.h">
      <Filter>Engine\Render</Filter>
    </ClInclude>
    <ClInclude Include="MenuScene.h">
      <Filter>Game\Scenes</Filter>
    </ClInclude>
    <ClInclude Include="GameOverScene.h">
      <Filter>Game\Scenes</Filter>
    </ClInclude>
    <ClInclude Include="Observer.h">
      <Filter>Engine\Observer</Filter>
    </ClInclude>
    <ClInclude Include="Enemy.h">
      <Filter>Game\Prefab</Filter>
    </ClInclude>
    <ClInclude Include="HitObserver.h">
      <Filter>Game\Observers</Filter>
    </ClInclude>
  </ItemGroup>
  <ItemGroup>
    <ClCompile Include="BaseComponent.cpp">
      <Filter>Engine\Components</Filter>
    </ClCompile>
    <ClCompile Include="RenderComponent.cpp">
      <Filter>Engine\Components</Filter>
    </ClCompile>
    <ClCompile Include="TextComponent.cpp">
      <Filter>Engine\Components</Filter>
    </ClCompile>
    <ClCompile Include="FpsComponent.cpp">
      <Filter>Engine\Components</Filter>
    </ClCompile>
    <ClCompile Include="GameObject.cpp">
      <Filter>Engine\Scene</Filter>
    </ClCompile>
    <ClCompile Include="Scene.cpp">
      <Filter>Engine\Scene</Filter>
    </ClCompile>
    <ClCompile Include="SceneManager.cpp">
      <Filter>Engine\Managers</Filter>
    </ClCompile>
    <ClCompile Include="ResourceManager.cpp">
      <Filter>Engine\Managers</Filter>
    </ClCompile>
    <ClCompile Include="Main.cpp">
      <Filter>Engine</Filter>
    </ClCompile>
    <ClCompile Include="Minigin.cpp">
      <Filter>Engine</Filter>
    </ClCompile>
    <ClCompile Include="MiniginPCH.cpp">
      <Filter>Engine</Filter>
    </ClCompile>
    <ClCompile Include="InputManager.cpp">
      <Filter>Engine\Managers</Filter>
    </ClCompile>
    <ClCompile Include="Font.cpp">
      <Filter>Engine\Render</Filter>
    </ClCompile>
    <ClCompile Include="Texture2D.cpp">
      <Filter>Engine\Render</Filter>
    </ClCompile>
    <ClCompile Include="Transform.cpp">
      <Filter>Engine\Render</Filter>
    </ClCompile>
    <ClCompile Include="Renderer.cpp">
      <Filter>Engine\Render</Filter>
    </ClCompile>
    <ClCompile Include="SpriteComponent.cpp">
      <Filter>Engine\Components</Filter>
    </ClCompile>
    <ClCompile Include="Player.cpp">
      <Filter>Game\Prefab</Filter>
    </ClCompile>
    <ClCompile Include="ColliderComponent.cpp">
      <Filter>Engine\Components</Filter>
    </ClCompile>
    <ClCompile Include="PlayerState.cpp">
      <Filter>Engine\StateMachine</Filter>
    </ClCompile>
    <ClCompile Include="Laser.cpp">
      <Filter>Game\Prefab</Filter>
    </ClCompile>
    <ClCompile Include="Zako.cpp">
      <Filter>Game\Prefab</Filter>
    </ClCompile>
    <ClCompile Include="ZakoState.cpp">
      <Filter>Engine\StateMachine</Filter>
    </ClCompile>
    <ClCompile Include="Goei.cpp">
      <Filter>Game\Prefab</Filter>
    </ClCompile>
    <ClCompile Include="GoeiState.cpp">
      <Filter>Engine\StateMachine</Filter>
    </ClCompile>
    <ClCompile Include="Boss.cpp">
      <Filter>Game\Prefab</Filter>
    </ClCompile>
    <ClCompile Include="BossState.cpp">
      <Filter>Engine\StateMachine</Filter>
    </ClCompile>
    <ClCompile Include="Beam.cpp">
      <Filter>Game\Prefab</Filter>
    </ClCompile>
    <ClCompile Include="GameScene.cpp">
      <Filter>Game\Scenes</Filter>
    </ClCompile>
    <ClCompile Include="MenuScene.cpp">
      <Filter>Game\Scenes</Filter>
    </ClCompile>
    <ClCompile Include="GameOverScene.cpp">
      <Filter>Game\Scenes</Filter>
    </ClCompile>
    <ClCompile Include="Enemy.cpp">
      <Filter>Game\Prefab</Filter>
    </ClCompile>
    <ClCompile Include="HitObserver.cpp">
      <Filter>Game\Observers</Filter>
    </ClCompile>
    <ClCompile Include="Command.cpp">
      <Filter>Engine\Command</Filter>
    </ClCompile>
  </ItemGroup>
</Project>